
Microsoft Visual Studio Solution File, Format Version 12.00
# Visual Studio Version 17
VisualStudioVersion = 17.11.35312.102
MinimumVisualStudioVersion = 10.0.40219.1
Project("{FAE04EC0-301F-11D3-BF4B-00C04F79EFBC}") = "API_Capacitacion", "API_Capacitacion\API_Capacitacion.csproj", "{56CD9A24-6398-4B68-AD32-09388FA49741}"
EndProject
Project("{FAE04EC0-301F-11D3-BF4B-00C04F79EFBC}") = "WebApi.DTOs", "WepApi.DTOs\WebApi.DTOs.csproj", "{62E4DDC5-491E-4C86-8276-CA3B8F7C2DB5}"
EndProject
Project("{FAE04EC0-301F-11D3-BF4B-00C04F79EFBC}") = "WebApi.Data", "WepApi.Data\WebApi.Data.csproj", "{67FAFA06-4374-4115-8653-47C3CE50A27B}"
EndProject
Project("{FAE04EC0-301F-11D3-BF4B-00C04F79EFBC}") = "WebApi.Models", "WepApi.Models\WebApi.Models.csproj", "{D4845AD7-3051-4292-8EF9-B3C10BD6410E}"
EndProject
Global
	GlobalSection(SolutionConfigurationPlatforms) = preSolution
		Debug|Any CPU = Debug|Any CPU
		Release|Any CPU = Release|Any CPU
	EndGlobalSection
	GlobalSection(ProjectConfigurationPlatforms) = postSolution
		{56CD9A24-6398-4B68-AD32-09388FA49741}.Debug|Any CPU.ActiveCfg = Debug|Any CPU
		{56CD9A24-6398-4B68-AD32-09388FA49741}.Debug|Any CPU.Build.0 = Debug|Any CPU
		{56CD9A24-6398-4B68-AD32-09388FA49741}.Release|Any CPU.ActiveCfg = Release|Any CPU
		{56CD9A24-6398-4B68-AD32-09388FA49741}.Release|Any CPU.Build.0 = Release|Any CPU
		{62E4DDC5-491E-4C86-8276-CA3B8F7C2DB5}.Debug|Any CPU.ActiveCfg = Debug|Any CPU
		{62E4DDC5-491E-4C86-8276-CA3B8F7C2DB5}.Debug|Any CPU.Build.0 = Debug|Any CPU
		{62E4DDC5-491E-4C86-8276-CA3B8F7C2DB5}.Release|Any CPU.ActiveCfg = Release|Any CPU
		{62E4DDC5-491E-4C86-8276-CA3B8F7C2DB5}.Release|Any CPU.Build.0 = Release|Any CPU
		{67FAFA06-4374-4115-8653-47C3CE50A27B}.Debug|Any CPU.ActiveCfg = Debug|Any CPU
		{67FAFA06-4374-4115-8653-47C3CE50A27B}.Debug|Any CPU.Build.0 = Debug|Any CPU
		{67FAFA06-4374-4115-8653-47C3CE50A27B}.Release|Any CPU.ActiveCfg = Release|Any CPU
		{67FAFA06-4374-4115-8653-47C3CE50A27B}.Release|Any CPU.Build.0 = Release|Any CPU
		{D4845AD7-3051-4292-8EF9-B3C10BD6410E}.Debug|Any CPU.ActiveCfg = Debug|Any CPU
		{D4845AD7-3051-4292-8EF9-B3C10BD6410E}.Debug|Any CPU.Build.0 = Debug|Any CPU
		{D4845AD7-3051-4292-8EF9-B3C10BD6410E}.Release|Any CPU.ActiveCfg = Release|Any CPU
		{D4845AD7-3051-4292-8EF9-B3C10BD6410E}.Release|Any CPU.Build.0 = Release|Any CPU
	EndGlobalSection
	GlobalSection(SolutionProperties) = preSolution
		HideSolutionNode = FALSE
	EndGlobalSection
	GlobalSection(ExtensibilityGlobals) = postSolution
		SolutionGuid = {8250AAE9-73DC-4D3B-82A8-D3D0DFF9746D}
	EndGlobalSection
EndGlobal
