
Microsoft Visual Studio Solution File, Format Version 12.00
# Visual Studio Version 17
VisualStudioVersion = 17.11.35312.102
MinimumVisualStudioVersion = 10.0.40219.1
Project("{FAE04EC0-301F-11D3-BF4B-00C04F79EFBC}") = "API_Capacitacion", "API_Capacitacion\API_Capacitacion.csproj", "{56CD9A24-6398-4B68-AD32-09388FA49741}"
EndProject
Global
	GlobalSection(SolutionConfigurationPlatforms) = preSolution
		Debug|Any CPU = Debug|Any CPU
		Release|Any CPU = Release|Any CPU
	EndGlobalSection
	GlobalSection(ProjectConfigurationPlatforms) = postSolution
		{56CD9A24-6398-4B68-AD32-09388FA49741}.Debug|Any CPU.ActiveCfg = Debug|Any CPU
		{56CD9A24-6398-4B68-AD32-09388FA49741}.Debug|Any CPU.Build.0 = Debug|Any CPU
		{56CD9A24-6398-4B68-AD32-09388FA49741}.Release|Any CPU.ActiveCfg = Release|Any CPU
		{56CD9A24-6398-4B68-AD32-09388FA49741}.Release|Any CPU.Build.0 = Release|Any CPU
	EndGlobalSection
	GlobalSection(SolutionProperties) = preSolution
		HideSolutionNode = FALSE
	EndGlobalSection
	GlobalSection(ExtensibilityGlobals) = postSolution
		SolutionGuid = {8250AAE9-73DC-4D3B-82A8-D3D0DFF9746D}
	EndGlobalSection
EndGlobal
